// !$*UTF8*$!
{
	archiveVersion = 1;
	classes = {
	};
	objectVersion = 46;
	objects = {

/* Begin PBXBuildFile section */
		D75D79101DBC845500AA3F7B /* AppDelegate.swift in Sources */ = {isa = PBXBuildFile; fileRef = D75D790F1DBC845500AA3F7B /* AppDelegate.swift */; };
		D75D79151DBC845500AA3F7B /* Main.storyboard in Resources */ = {isa = PBXBuildFile; fileRef = D75D79131DBC845500AA3F7B /* Main.storyboard */; };
		D75D79171DBC845500AA3F7B /* Assets.xcassets in Resources */ = {isa = PBXBuildFile; fileRef = D75D79161DBC845500AA3F7B /* Assets.xcassets */; };
		D75D791A1DBC845500AA3F7B /* LaunchScreen.storyboard in Resources */ = {isa = PBXBuildFile; fileRef = D75D79181DBC845500AA3F7B /* LaunchScreen.storyboard */; };
		D75D792A1DBCA4B800AA3F7B /* Home.storyboard in Resources */ = {isa = PBXBuildFile; fileRef = D75D79281DBCA4B800AA3F7B /* Home.storyboard */; };
		D75D792D1DBCA4DA00AA3F7B /* Live.storyboard in Resources */ = {isa = PBXBuildFile; fileRef = D75D792B1DBCA4DA00AA3F7B /* Live.storyboard */; };
		D75D79301DBCA4EF00AA3F7B /* follow.storyboard in Resources */ = {isa = PBXBuildFile; fileRef = D75D792E1DBCA4EF00AA3F7B /* follow.storyboard */; };
		D75D79331DBCA50300AA3F7B /* profile.storyboard in Resources */ = {isa = PBXBuildFile; fileRef = D75D79311DBCA50300AA3F7B /* profile.storyboard */; };
		D75D793D1DBCB08000AA3F7B /* MainViewController.swift in Sources */ = {isa = PBXBuildFile; fileRef = D75D793C1DBCB08000AA3F7B /* MainViewController.swift */; };
		D75D793F1DBCB0A200AA3F7B /* HomeViewController.swift in Sources */ = {isa = PBXBuildFile; fileRef = D75D793E1DBCB0A200AA3F7B /* HomeViewController.swift */; };
		D75D79421DBCB0D900AA3F7B /* DBUIBarButtonItem.swift in Sources */ = {isa = PBXBuildFile; fileRef = D75D79411DBCB0D900AA3F7B /* DBUIBarButtonItem.swift */; };
		D75D79441DBDCFDC00AA3F7B /* PageTitleView.swift in Sources */ = {isa = PBXBuildFile; fileRef = D75D79431DBDCFDC00AA3F7B /* PageTitleView.swift */; };
		D75D79461DBDD93100AA3F7B /* common.swift in Sources */ = {isa = PBXBuildFile; fileRef = D75D79451DBDD93100AA3F7B /* common.swift */; };
		D75D79481DBDEC9700AA3F7B /* UIColorExtension.swift in Sources */ = {isa = PBXBuildFile; fileRef = D75D79471DBDEC9700AA3F7B /* UIColorExtension.swift */; };
		D75D794A1DBDED4600AA3F7B /* PageContentView.swift in Sources */ = {isa = PBXBuildFile; fileRef = D75D79491DBDED4600AA3F7B /* PageContentView.swift */; };
/* End PBXBuildFile section */

/* Begin PBXFileReference section */
		D75D790C1DBC845500AA3F7B /* DBZB.app */ = {isa = PBXFileReference; explicitFileType = wrapper.application; includeInIndex = 0; path = DBZB.app; sourceTree = BUILT_PRODUCTS_DIR; };
		D75D790F1DBC845500AA3F7B /* AppDelegate.swift */ = {isa = PBXFileReference; lastKnownFileType = sourcecode.swift; path = AppDelegate.swift; sourceTree = "<group>"; };
		D75D79141DBC845500AA3F7B /* Base */ = {isa = PBXFileReference; lastKnownFileType = file.storyboard; name = Base; path = Base.lproj/Main.storyboard; sourceTree = "<group>"; };
		D75D79161DBC845500AA3F7B /* Assets.xcassets */ = {isa = PBXFileReference; lastKnownFileType = folder.assetcatalog; path = Assets.xcassets; sourceTree = "<group>"; };
		D75D79191DBC845500AA3F7B /* Base */ = {isa = PBXFileReference; lastKnownFileType = file.storyboard; name = Base; path = Base.lproj/LaunchScreen.storyboard; sourceTree = "<group>"; };
		D75D791B1DBC845500AA3F7B /* Info.plist */ = {isa = PBXFileReference; lastKnownFileType = text.plist.xml; path = Info.plist; sourceTree = "<group>"; };
		D75D79291DBCA4B800AA3F7B /* Base */ = {isa = PBXFileReference; lastKnownFileType = file.storyboard; name = Base; path = DBZB/Base.lproj/Home.storyboard; sourceTree = SOURCE_ROOT; };
		D75D792C1DBCA4DA00AA3F7B /* Base */ = {isa = PBXFileReference; lastKnownFileType = file.storyboard; name = Base; path = DBZB/Base.lproj/Live.storyboard; sourceTree = SOURCE_ROOT; };
		D75D792F1DBCA4EF00AA3F7B /* Base */ = {isa = PBXFileReference; lastKnownFileType = file.storyboard; name = Base; path = DBZB/Base.lproj/follow.storyboard; sourceTree = SOURCE_ROOT; };
		D75D79321DBCA50300AA3F7B /* Base */ = {isa = PBXFileReference; lastKnownFileType = file.storyboard; name = Base; path = DBZB/Base.lproj/profile.storyboard; sourceTree = SOURCE_ROOT; };
		D75D793C1DBCB08000AA3F7B /* MainViewController.swift */ = {isa = PBXFileReference; fileEncoding = 4; lastKnownFileType = sourcecode.swift; path = MainViewController.swift; sourceTree = "<group>"; };
		D75D793E1DBCB0A200AA3F7B /* HomeViewController.swift */ = {isa = PBXFileReference; fileEncoding = 4; lastKnownFileType = sourcecode.swift; path = HomeViewController.swift; sourceTree = "<group>"; };
		D75D79411DBCB0D900AA3F7B /* DBUIBarButtonItem.swift */ = {isa = PBXFileReference; fileEncoding = 4; lastKnownFileType = sourcecode.swift; path = DBUIBarButtonItem.swift; sourceTree = "<group>"; };
		D75D79431DBDCFDC00AA3F7B /* PageTitleView.swift */ = {isa = PBXFileReference; fileEncoding = 4; lastKnownFileType = sourcecode.swift; path = PageTitleView.swift; sourceTree = "<group>"; };
		D75D79451DBDD93100AA3F7B /* common.swift */ = {isa = PBXFileReference; fileEncoding = 4; lastKnownFileType = sourcecode.swift; name = common.swift; path = ../common.swift; sourceTree = "<group>"; };
		D75D79471DBDEC9700AA3F7B /* UIColorExtension.swift */ = {isa = PBXFileReference; fileEncoding = 4; lastKnownFileType = sourcecode.swift; path = UIColorExtension.swift; sourceTree = "<group>"; };
		D75D79491DBDED4600AA3F7B /* PageContentView.swift */ = {isa = PBXFileReference; fileEncoding = 4; lastKnownFileType = sourcecode.swift; path = PageContentView.swift; sourceTree = "<group>"; };
/* End PBXFileReference section */

/* Begin PBXFrameworksBuildPhase section */
		D75D79091DBC845500AA3F7B /* Frameworks */ = {
			isa = PBXFrameworksBuildPhase;
			buildActionMask = 2147483647;
			files = (
			);
			runOnlyForDeploymentPostprocessing = 0;
		};
/* End PBXFrameworksBuildPhase section */

/* Begin PBXGroup section */
		D75D79031DBC845500AA3F7B = {
			isa = PBXGroup;
			children = (
				D75D790E1DBC845500AA3F7B /* DBZB */,
				D75D790D1DBC845500AA3F7B /* Products */,
			);
			sourceTree = "<group>";
		};
		D75D790D1DBC845500AA3F7B /* Products */ = {
			isa = PBXGroup;
			children = (
				D75D790C1DBC845500AA3F7B /* DBZB.app */,
			);
			name = Products;
			sourceTree = "<group>";
		};
		D75D790E1DBC845500AA3F7B /* DBZB */ = {
			isa = PBXGroup;
			children = (
				D75D79211DBC9D9A00AA3F7B /* Classes */,
				D75D790F1DBC845500AA3F7B /* AppDelegate.swift */,
				D75D79161DBC845500AA3F7B /* Assets.xcassets */,
				D75D79181DBC845500AA3F7B /* LaunchScreen.storyboard */,
				D75D791B1DBC845500AA3F7B /* Info.plist */,
			);
			path = DBZB;
			sourceTree = "<group>";
		};
		D75D79211DBC9D9A00AA3F7B /* Classes */ = {
			isa = PBXGroup;
			children = (
				D75D79251DBC9D9A00AA3F7B /* Main */,
				D75D79231DBC9D9A00AA3F7B /* Home */,
				D75D79241DBC9D9A00AA3F7B /* Live */,
				D75D79221DBC9D9A00AA3F7B /* Follow */,
				D75D79261DBC9D9A00AA3F7B /* Profile */,
				D75D79271DBC9D9A00AA3F7B /* Tools */,
			);
			path = Classes;
			sourceTree = "<group>";
		};
		D75D79221DBC9D9A00AA3F7B /* Follow */ = {
			isa = PBXGroup;
			children = (
				D75D792E1DBCA4EF00AA3F7B /* follow.storyboard */,
			);
			path = Follow;
			sourceTree = "<group>";
		};
		D75D79231DBC9D9A00AA3F7B /* Home */ = {
			isa = PBXGroup;
			children = (
				D75D793A1DBCB06300AA3F7B /* Models */,
				D75D793B1DBCB06300AA3F7B /* Views */,
				D75D79391DBCB06300AA3F7B /* Controllers */,
			);
			path = Home;
			sourceTree = "<group>";
		};
		D75D79241DBC9D9A00AA3F7B /* Live */ = {
			isa = PBXGroup;
			children = (
				D75D792B1DBCA4DA00AA3F7B /* Live.storyboard */,
			);
			path = Live;
			sourceTree = "<group>";
		};
		D75D79251DBC9D9A00AA3F7B /* Main */ = {
			isa = PBXGroup;
			children = (
				D75D79371DBCB04400AA3F7B /* Models */,
				D75D79381DBCB04400AA3F7B /* Views */,
				D75D79361DBCB04400AA3F7B /* Controllers */,
			);
			path = Main;
			sourceTree = "<group>";
		};
		D75D79261DBC9D9A00AA3F7B /* Profile */ = {
			isa = PBXGroup;
			children = (
				D75D79311DBCA50300AA3F7B /* profile.storyboard */,
			);
			path = Profile;
			sourceTree = "<group>";
		};
		D75D79271DBC9D9A00AA3F7B /* Tools */ = {
			isa = PBXGroup;
			children = (
				D75D79401DBCB0BF00AA3F7B /* Extension */,
			);
			path = Tools;
			sourceTree = "<group>";
		};
		D75D79361DBCB04400AA3F7B /* Controllers */ = {
			isa = PBXGroup;
			children = (
				D75D79131DBC845500AA3F7B /* Main.storyboard */,
				D75D793C1DBCB08000AA3F7B /* MainViewController.swift */,
			);
			path = Controllers;
			sourceTree = "<group>";
		};
		D75D79371DBCB04400AA3F7B /* Models */ = {
			isa = PBXGroup;
			children = (
			);
			path = Models;
			sourceTree = "<group>";
		};
		D75D79381DBCB04400AA3F7B /* Views */ = {
			isa = PBXGroup;
			children = (
				D75D79431DBDCFDC00AA3F7B /* PageTitleView.swift */,
				D75D79491DBDED4600AA3F7B /* PageContentView.swift */,
			);
			path = Views;
			sourceTree = "<group>";
		};
		D75D79391DBCB06300AA3F7B /* Controllers */ = {
			isa = PBXGroup;
			children = (
				D75D79281DBCA4B800AA3F7B /* Home.storyboard */,
				D75D793E1DBCB0A200AA3F7B /* HomeViewController.swift */,
			);
			path = Controllers;
			sourceTree = "<group>";
		};
		D75D793A1DBCB06300AA3F7B /* Models */ = {
			isa = PBXGroup;
			children = (
			);
			path = Models;
			sourceTree = "<group>";
		};
		D75D793B1DBCB06300AA3F7B /* Views */ = {
			isa = PBXGroup;
			children = (
			);
			path = Views;
			sourceTree = "<group>";
		};
		D75D79401DBCB0BF00AA3F7B /* Extension */ = {
			isa = PBXGroup;
			children = (
				D75D79451DBDD93100AA3F7B /* common.swift */,
				D75D79411DBCB0D900AA3F7B /* DBUIBarButtonItem.swift */,
				D75D79471DBDEC9700AA3F7B /* UIColorExtension.swift */,
			);
			path = Extension;
			sourceTree = "<group>";
		};
/* End PBXGroup section */

/* Begin PBXNativeTarget section */
		D75D790B1DBC845500AA3F7B /* DBZB */ = {
			isa = PBXNativeTarget;
			buildConfigurationList = D75D791E1DBC845500AA3F7B /* Build configuration list for PBXNativeTarget "DBZB" */;
			buildPhases = (
				D75D79081DBC845500AA3F7B /* Sources */,
				D75D79091DBC845500AA3F7B /* Frameworks */,
				D75D790A1DBC845500AA3F7B /* Resources */,
			);
			buildRules = (
			);
			dependencies = (
			);
			name = DBZB;
			productName = DBZB;
			productReference = D75D790C1DBC845500AA3F7B /* DBZB.app */;
			productType = "com.apple.product-type.application";
		};
/* End PBXNativeTarget section */

/* Begin PBXProject section */
		D75D79041DBC845500AA3F7B /* Project object */ = {
			isa = PBXProject;
			attributes = {
				LastSwiftUpdateCheck = 0800;
				LastUpgradeCheck = 0800;
				ORGANIZATIONNAME = lgh;
				TargetAttributes = {
					D75D790B1DBC845500AA3F7B = {
						CreatedOnToolsVersion = 8.0;
						DevelopmentTeam = 5J4EXE97U8;
						ProvisioningStyle = Automatic;
					};
				};
			};
			buildConfigurationList = D75D79071DBC845500AA3F7B /* Build configuration list for PBXProject "DBZB" */;
			compatibilityVersion = "Xcode 3.2";
			developmentRegion = English;
			hasScannedForEncodings = 0;
			knownRegions = (
				en,
				Base,
			);
			mainGroup = D75D79031DBC845500AA3F7B;
			productRefGroup = D75D790D1DBC845500AA3F7B /* Products */;
			projectDirPath = "";
			projectRoot = "";
			targets = (
				D75D790B1DBC845500AA3F7B /* DBZB */,
			);
		};
/* End PBXProject section */

/* Begin PBXResourcesBuildPhase section */
		D75D790A1DBC845500AA3F7B /* Resources */ = {
			isa = PBXResourcesBuildPhase;
			buildActionMask = 2147483647;
			files = (
				D75D79331DBCA50300AA3F7B /* profile.storyboard in Resources */,
				D75D791A1DBC845500AA3F7B /* LaunchScreen.storyboard in Resources */,
				D75D79171DBC845500AA3F7B /* Assets.xcassets in Resources */,
				D75D79151DBC845500AA3F7B /* Main.storyboard in Resources */,
				D75D79301DBCA4EF00AA3F7B /* follow.storyboard in Resources */,
				D75D792D1DBCA4DA00AA3F7B /* Live.storyboard in Resources */,
				D75D792A1DBCA4B800AA3F7B /* Home.storyboard in Resources */,
			);
			runOnlyForDeploymentPostprocessing = 0;
		};
/* End PBXResourcesBuildPhase section */

/* Begin PBXSourcesBuildPhase section */
		D75D79081DBC845500AA3F7B /* Sources */ = {
			isa = PBXSourcesBuildPhase;
			buildActionMask = 2147483647;
			files = (
				D75D793D1DBCB08000AA3F7B /* MainViewController.swift in Sources */,
				D75D79481DBDEC9700AA3F7B /* UIColorExtension.swift in Sources */,
				D75D79101DBC845500AA3F7B /* AppDelegate.swift in Sources */,
				D75D794A1DBDED4600AA3F7B /* PageContentView.swift in Sources */,
				D75D79461DBDD93100AA3F7B /* common.swift in Sources */,
				D75D79441DBDCFDC00AA3F7B /* PageTitleView.swift in Sources */,
				D75D79421DBCB0D900AA3F7B /* DBUIBarButtonItem.swift in Sources */,
				D75D793F1DBCB0A200AA3F7B /* HomeViewController.swift in Sources */,
			);
			runOnlyForDeploymentPostprocessing = 0;
		};
/* End PBXSourcesBuildPhase section */

/* Begin PBXVariantGroup section */
		D75D79131DBC845500AA3F7B /* Main.storyboard */ = {
			isa = PBXVariantGroup;
			children = (
				D75D79141DBC845500AA3F7B /* Base */,
			);
			name = Main.storyboard;
			path = ../../..;
			sourceTree = "<group>";
		};
		D75D79181DBC845500AA3F7B /* LaunchScreen.storyboard */ = {
			isa = PBXVariantGroup;
			children = (
				D75D79191DBC845500AA3F7B /* Base */,
			);
			name = LaunchScreen.storyboard;
			sourceTree = "<group>";
		};
		D75D79281DBCA4B800AA3F7B /* Home.storyboard */ = {
			isa = PBXVariantGroup;
			children = (
				D75D79291DBCA4B800AA3F7B /* Base */,
			);
			name = Home.storyboard;
			path = ../../Main;
			sourceTree = "<group>";
		};
		D75D792B1DBCA4DA00AA3F7B /* Live.storyboard */ = {
			isa = PBXVariantGroup;
			children = (
				D75D792C1DBCA4DA00AA3F7B /* Base */,
			);
			name = Live.storyboard;
			path = ../Main;
			sourceTree = "<group>";
		};
		D75D792E1DBCA4EF00AA3F7B /* follow.storyboard */ = {
			isa = PBXVariantGroup;
			children = (
				D75D792F1DBCA4EF00AA3F7B /* Base */,
			);
			name = follow.storyboard;
			path = ../Main;
			sourceTree = "<group>";
		};
		D75D79311DBCA50300AA3F7B /* profile.storyboard */ = {
			isa = PBXVariantGroup;
			children = (
				D75D79321DBCA50300AA3F7B /* Base */,
			);
			name = profile.storyboard;
			path = ../Main;
			sourceTree = "<group>";
		};
/* End PBXVariantGroup section */

/* Begin XCBuildConfiguration section */
		D75D791C1DBC845500AA3F7B /* Debug */ = {
			isa = XCBuildConfiguration;
			buildSettings = {
				ALWAYS_SEARCH_USER_PATHS = NO;
				CLANG_ANALYZER_NONNULL = YES;
				CLANG_CXX_LANGUAGE_STANDARD = "gnu++0x";
				CLANG_CXX_LIBRARY = "libc++";
				CLANG_ENABLE_MODULES = YES;
				CLANG_ENABLE_OBJC_ARC = YES;
				CLANG_WARN_BOOL_CONVERSION = YES;
				CLANG_WARN_CONSTANT_CONVERSION = YES;
				CLANG_WARN_DIRECT_OBJC_ISA_USAGE = YES_ERROR;
				CLANG_WARN_DOCUMENTATION_COMMENTS = YES;
				CLANG_WARN_EMPTY_BODY = YES;
				CLANG_WARN_ENUM_CONVERSION = YES;
				CLANG_WARN_INFINITE_RECURSION = YES;
				CLANG_WARN_INT_CONVERSION = YES;
				CLANG_WARN_OBJC_ROOT_CLASS = YES_ERROR;
				CLANG_WARN_SUSPICIOUS_MOVES = YES;
				CLANG_WARN_UNREACHABLE_CODE = YES;
				CLANG_WARN__DUPLICATE_METHOD_MATCH = YES;
				"CODE_SIGN_IDENTITY[sdk=iphoneos*]" = "iPhone Developer";
				COPY_PHASE_STRIP = NO;
				DEBUG_INFORMATION_FORMAT = dwarf;
				ENABLE_STRICT_OBJC_MSGSEND = YES;
				ENABLE_TESTABILITY = YES;
				GCC_C_LANGUAGE_STANDARD = gnu99;
				GCC_DYNAMIC_NO_PIC = NO;
				GCC_NO_COMMON_BLOCKS = YES;
				GCC_OPTIMIZATION_LEVEL = 0;
				GCC_PREPROCESSOR_DEFINITIONS = (
					"DEBUG=1",
					"$(inherited)",
				);
				GCC_WARN_64_TO_32_BIT_CONVERSION = YES;
				GCC_WARN_ABOUT_RETURN_TYPE = YES_ERROR;
				GCC_WARN_UNDECLARED_SELECTOR = YES;
				GCC_WARN_UNINITIALIZED_AUTOS = YES_AGGRESSIVE;
				GCC_WARN_UNUSED_FUNCTION = YES;
				GCC_WARN_UNUSED_VARIABLE = YES;
				IPHONEOS_DEPLOYMENT_TARGET = 10.0;
				MTL_ENABLE_DEBUG_INFO = YES;
				ONLY_ACTIVE_ARCH = YES;
				SDKROOT = iphoneos;
				SWIFT_ACTIVE_COMPILATION_CONDITIONS = DEBUG;
				SWIFT_OPTIMIZATION_LEVEL = "-Onone";
			};
			name = Debug;
		};
		D75D791D1DBC845500AA3F7B /* Release */ = {
			isa = XCBuildConfiguration;
			buildSettings = {
				ALWAYS_SEARCH_USER_PATHS = NO;
				CLANG_ANALYZER_NONNULL = YES;
				CLANG_CXX_LANGUAGE_STANDARD = "gnu++0x";
				CLANG_CXX_LIBRARY = "libc++";
				CLANG_ENABLE_MODULES = YES;
				CLANG_ENABLE_OBJC_ARC = YES;
				CLANG_WARN_BOOL_CONVERSION = YES;
				CLANG_WARN_CONSTANT_CONVERSION = YES;
				CLANG_WARN_DIRECT_OBJC_ISA_USAGE = YES_ERROR;
				CLANG_WARN_DOCUMENTATION_COMMENTS = YES;
				CLANG_WARN_EMPTY_BODY = YES;
				CLANG_WARN_ENUM_CONVERSION = YES;
				CLANG_WARN_INFINITE_RECURSION = YES;
				CLANG_WARN_INT_CONVERSION = YES;
				CLANG_WARN_OBJC_ROOT_CLASS = YES_ERROR;
				CLANG_WARN_SUSPICIOUS_MOVES = YES;
				CLANG_WARN_UNREACHABLE_CODE = YES;
				CLANG_WARN__DUPLICATE_METHOD_MATCH = YES;
				"CODE_SIGN_IDENTITY[sdk=iphoneos*]" = "iPhone Developer";
				COPY_PHASE_STRIP = NO;
				DEBUG_INFORMATION_FORMAT = "dwarf-with-dsym";
				ENABLE_NS_ASSERTIONS = NO;
				ENABLE_STRICT_OBJC_MSGSEND = YES;
				GCC_C_LANGUAGE_STANDARD = gnu99;
				GCC_NO_COMMON_BLOCKS = YES;
				GCC_WARN_64_TO_32_BIT_CONVERSION = YES;
				GCC_WARN_ABOUT_RETURN_TYPE = YES_ERROR;
				GCC_WARN_UNDECLARED_SELECTOR = YES;
				GCC_WARN_UNINITIALIZED_AUTOS = YES_AGGRESSIVE;
				GCC_WARN_UNUSED_FUNCTION = YES;
				GCC_WARN_UNUSED_VARIABLE = YES;
				IPHONEOS_DEPLOYMENT_TARGET = 10.0;
				MTL_ENABLE_DEBUG_INFO = NO;
				SDKROOT = iphoneos;
				SWIFT_OPTIMIZATION_LEVEL = "-Owholemodule";
				VALIDATE_PRODUCT = YES;
			};
			name = Release;
		};
		D75D791F1DBC845500AA3F7B /* Debug */ = {
			isa = XCBuildConfiguration;
			buildSettings = {
				ASSETCATALOG_COMPILER_APPICON_NAME = AppIcon;
				ASSETCATALOG_COMPILER_LAUNCHIMAGE_NAME = LaunchImage;
				DEVELOPMENT_TEAM = 5J4EXE97U8;
				INFOPLIST_FILE = DBZB/Info.plist;
				IPHONEOS_DEPLOYMENT_TARGET = 8.0;
				LD_RUNPATH_SEARCH_PATHS = "$(inherited) @executable_path/Frameworks";
				PRODUCT_BUNDLE_IDENTIFIER = lgh.DBZB;
				PRODUCT_NAME = "$(TARGET_NAME)";
				SWIFT_VERSION = 3.0;
			};
			name = Debug;
		};
		D75D79201DBC845500AA3F7B /* Release */ = {
			isa = XCBuildConfiguration;
			buildSettings = {
				ASSETCATALOG_COMPILER_APPICON_NAME = AppIcon;
				ASSETCATALOG_COMPILER_LAUNCHIMAGE_NAME = LaunchImage;
				DEVELOPMENT_TEAM = 5J4EXE97U8;
				INFOPLIST_FILE = DBZB/Info.plist;
				IPHONEOS_DEPLOYMENT_TARGET = 8.0;
				LD_RUNPATH_SEARCH_PATHS = "$(inherited) @executable_path/Frameworks";
				PRODUCT_BUNDLE_IDENTIFIER = lgh.DBZB;
				PRODUCT_NAME = "$(TARGET_NAME)";
				SWIFT_VERSION = 3.0;
			};
			name = Release;
		};
/* End XCBuildConfiguration section */

/* Begin XCConfigurationList section */
		D75D79071DBC845500AA3F7B /* Build configuration list for PBXProject "DBZB" */ = {
			isa = XCConfigurationList;
			buildConfigurations = (
				D75D791C1DBC845500AA3F7B /* Debug */,
				D75D791D1DBC845500AA3F7B /* Release */,
			);
			defaultConfigurationIsVisible = 0;
			defaultConfigurationName = Release;
		};
		D75D791E1DBC845500AA3F7B /* Build configuration list for PBXNativeTarget "DBZB" */ = {
			isa = XCConfigurationList;
			buildConfigurations = (
				D75D791F1DBC845500AA3F7B /* Debug */,
				D75D79201DBC845500AA3F7B /* Release */,
			);
			defaultConfigurationIsVisible = 0;
		};
/* End XCConfigurationList section */
	};
	rootObject = D75D79041DBC845500AA3F7B /* Project object */;
}
